
Microsoft Visual Studio Solution File, Format Version 12.00
# Visual Studio Version 17
VisualStudioVersion = 17.9.34616.47
MinimumVisualStudioVersion = 10.0.40219.1
Project("{8BC9CEB8-8B4A-11D0-8D11-00A0C91BC942}") = "PendulumVisualizer", "PendulumVisualizer.vcxproj", "{A03A3C18-1565-4DC6-8A96-6FC0C324FAEB}"
EndProject
Global
	GlobalSection(SolutionConfigurationPlatforms) = preSolution
		Debug|x64 = Debug|x64
		Debug|x86 = Debug|x86
		Release|x64 = Release|x64
		Release|x86 = Release|x86
	EndGlobalSection
	GlobalSection(ProjectConfigurationPlatforms) = postSolution
		{A03A3C18-1565-4DC6-8A96-6FC0C324FAEB}.Debug|x64.ActiveCfg = Debug|x64
		{A03A3C18-1565-4DC6-8A96-6FC0C324FAEB}.Debug|x64.Build.0 = Debug|x64
		{A03A3C18-1565-4DC6-8A96-6FC0C324FAEB}.Debug|x86.ActiveCfg = Debug|Win32
		{A03A3C18-1565-4DC6-8A96-6FC0C324FAEB}.Debug|x86.Build.0 = Debug|Win32
		{A03A3C18-1565-4DC6-8A96-6FC0C324FAEB}.Release|x64.ActiveCfg = Release|x64
		{A03A3C18-1565-4DC6-8A96-6FC0C324FAEB}.Release|x64.Build.0 = Release|x64
		{A03A3C18-1565-4DC6-8A96-6FC0C324FAEB}.Release|x86.ActiveCfg = Release|Win32
		{A03A3C18-1565-4DC6-8A96-6FC0C324FAEB}.Release|x86.Build.0 = Release|Win32
	EndGlobalSection
	GlobalSection(SolutionProperties) = preSolution
		HideSolutionNode = FALSE
	EndGlobalSection
	GlobalSection(ExtensibilityGlobals) = postSolution
		SolutionGuid = {D52D1D17-B725-4345-B558-B2CA5E5FB74A}
	EndGlobalSection
EndGlobal
